
Microsoft Visual Studio Solution File, Format Version 12.00
# Visual Studio 2012
Project("{FAE04EC0-301F-11D3-BF4B-00C04F79EFBC}") = "rm.Logging", "rm.Logging\rm.Logging.csproj", "{F19E6662-9380-4B3C-B9A3-43AE44AFCA7B}"
EndProject
Project("{FAE04EC0-301F-11D3-BF4B-00C04F79EFBC}") = "rm.LoggingTestConsole", "rm.LoggingTestConsole\rm.LoggingTestConsole.csproj", "{92D96F4A-C5BC-457E-B316-91A6260AE4C2}"
EndProject
Project("{2150E333-8FDC-42A3-9474-1A3956D46DE8}") = "Solution Items", "Solution Items", "{36A55F2F-8019-4F84-95FB-DD5C767C7C95}"
	ProjectSection(SolutionItems) = preProject
		README.md = README.md
	EndProjectSection
EndProject
Project("{FAE04EC0-301F-11D3-BF4B-00C04F79EFBC}") = "rm.LoggingTestWeb", "rm.LoggingTestWeb\rm.LoggingTestWeb.csproj", "{4E234678-0A19-4DCD-8BF9-7B16E3977897}"
EndProject
Project("{FAE04EC0-301F-11D3-BF4B-00C04F79EFBC}") = "rm.LoggingTestMvc", "rm.LoggingTestMvc\rm.LoggingTestMvc.csproj", "{4B21F703-A9AB-4609-ABB6-6CFE97EE77E7}"
EndProject
Global
	GlobalSection(SolutionConfigurationPlatforms) = preSolution
		Debug|Any CPU = Debug|Any CPU
		Release|Any CPU = Release|Any CPU
	EndGlobalSection
	GlobalSection(ProjectConfigurationPlatforms) = postSolution
		{F19E6662-9380-4B3C-B9A3-43AE44AFCA7B}.Debug|Any CPU.ActiveCfg = Debug|Any CPU
		{F19E6662-9380-4B3C-B9A3-43AE44AFCA7B}.Debug|Any CPU.Build.0 = Debug|Any CPU
		{F19E6662-9380-4B3C-B9A3-43AE44AFCA7B}.Release|Any CPU.ActiveCfg = Release|Any CPU
		{F19E6662-9380-4B3C-B9A3-43AE44AFCA7B}.Release|Any CPU.Build.0 = Release|Any CPU
		{92D96F4A-C5BC-457E-B316-91A6260AE4C2}.Debug|Any CPU.ActiveCfg = Debug|Any CPU
		{92D96F4A-C5BC-457E-B316-91A6260AE4C2}.Debug|Any CPU.Build.0 = Debug|Any CPU
		{92D96F4A-C5BC-457E-B316-91A6260AE4C2}.Release|Any CPU.ActiveCfg = Release|Any CPU
		{92D96F4A-C5BC-457E-B316-91A6260AE4C2}.Release|Any CPU.Build.0 = Release|Any CPU
		{4E234678-0A19-4DCD-8BF9-7B16E3977897}.Debug|Any CPU.ActiveCfg = Debug|Any CPU
		{4E234678-0A19-4DCD-8BF9-7B16E3977897}.Debug|Any CPU.Build.0 = Debug|Any CPU
		{4E234678-0A19-4DCD-8BF9-7B16E3977897}.Release|Any CPU.ActiveCfg = Release|Any CPU
		{4E234678-0A19-4DCD-8BF9-7B16E3977897}.Release|Any CPU.Build.0 = Release|Any CPU
		{4B21F703-A9AB-4609-ABB6-6CFE97EE77E7}.Debug|Any CPU.ActiveCfg = Debug|Any CPU
		{4B21F703-A9AB-4609-ABB6-6CFE97EE77E7}.Debug|Any CPU.Build.0 = Debug|Any CPU
		{4B21F703-A9AB-4609-ABB6-6CFE97EE77E7}.Release|Any CPU.ActiveCfg = Release|Any CPU
		{4B21F703-A9AB-4609-ABB6-6CFE97EE77E7}.Release|Any CPU.Build.0 = Release|Any CPU
	EndGlobalSection
	GlobalSection(SolutionProperties) = preSolution
		HideSolutionNode = FALSE
	EndGlobalSection
EndGlobal
